
Microsoft Visual Studio Solution File, Format Version 12.00
# Visual Studio Version 17
VisualStudioVersion = 17.0.31903.59
MinimumVisualStudioVersion = 10.0.40219.1
Project("{FAE04EC0-301F-11D3-BF4B-00C04F79EFBC}") = "API", "API\API.csproj", "{A6B2FF6F-76CB-4E2C-A782-051695C34A94}"
EndProject
Project("{FAE04EC0-301F-11D3-BF4B-00C04F79EFBC}") = "Core", "Core\Core.csproj", "{A7290ADB-8A28-4E9A-92E7-F6903BFF3681}"
EndProject
Project("{FAE04EC0-301F-11D3-BF4B-00C04F79EFBC}") = "Infraestructure", "Infraestructure\Infraestructure.csproj", "{B9925C09-808B-412E-853E-586C6A724EA5}"
EndProject
Global
	GlobalSection(SolutionConfigurationPlatforms) = preSolution
		Debug|Any CPU = Debug|Any CPU
		Release|Any CPU = Release|Any CPU
	EndGlobalSection
	GlobalSection(SolutionProperties) = preSolution
		HideSolutionNode = FALSE
	EndGlobalSection
	GlobalSection(ProjectConfigurationPlatforms) = postSolution
		{A6B2FF6F-76CB-4E2C-A782-051695C34A94}.Debug|Any CPU.ActiveCfg = Debug|Any CPU
		{A6B2FF6F-76CB-4E2C-A782-051695C34A94}.Debug|Any CPU.Build.0 = Debug|Any CPU
		{A6B2FF6F-76CB-4E2C-A782-051695C34A94}.Release|Any CPU.ActiveCfg = Release|Any CPU
		{A6B2FF6F-76CB-4E2C-A782-051695C34A94}.Release|Any CPU.Build.0 = Release|Any CPU
		{A7290ADB-8A28-4E9A-92E7-F6903BFF3681}.Debug|Any CPU.ActiveCfg = Debug|Any CPU
		{A7290ADB-8A28-4E9A-92E7-F6903BFF3681}.Debug|Any CPU.Build.0 = Debug|Any CPU
		{A7290ADB-8A28-4E9A-92E7-F6903BFF3681}.Release|Any CPU.ActiveCfg = Release|Any CPU
		{A7290ADB-8A28-4E9A-92E7-F6903BFF3681}.Release|Any CPU.Build.0 = Release|Any CPU
		{B9925C09-808B-412E-853E-586C6A724EA5}.Debug|Any CPU.ActiveCfg = Debug|Any CPU
		{B9925C09-808B-412E-853E-586C6A724EA5}.Debug|Any CPU.Build.0 = Debug|Any CPU
		{B9925C09-808B-412E-853E-586C6A724EA5}.Release|Any CPU.ActiveCfg = Release|Any CPU
		{B9925C09-808B-412E-853E-586C6A724EA5}.Release|Any CPU.Build.0 = Release|Any CPU
	EndGlobalSection
EndGlobal
